
Microsoft Visual Studio Solution File, Format Version 12.00
# Visual Studio Version 17
VisualStudioVersion = 17.0.31903.59
MinimumVisualStudioVersion = 10.0.40219.1
Project("{2150E333-8FDC-42A3-9474-1A3956D46DE8}") = "Tomboy", "Tomboy", "{EDFE78C4-FE28-42F0-AB55-29FD11728040}"
EndProject
Project("{2150E333-8FDC-42A3-9474-1A3956D46DE8}") = "Addins", "Addins", "{49ADBDFE-C3F7-41B0-9846-A28AF0F0182E}"
EndProject
Project("{FAE04EC0-301F-11D3-BF4B-00C04F79EFBC}") = "AdvancedPreferences", "Tomboy\Addins\AdvancedPreferences\AdvancedPreferences.csproj", "{B413E39D-8DB5-48B8-A23A-E13BAAFF5663}"
EndProject
Project("{FAE04EC0-301F-11D3-BF4B-00C04F79EFBC}") = "FileSystemSyncService", "Tomboy\Addins\FileSystemSyncService\FileSystemSyncService.csproj", "{DB675187-0044-427B-AEBC-F0ADBA72B820}"
EndProject
Project("{FAE04EC0-301F-11D3-BF4B-00C04F79EFBC}") = "TomboyProj", "Tomboy.csproj", "{2C4DF426-B6EC-4DC7-A0B0-2C8BE5C77D75}"
EndProject
Global
	GlobalSection(SolutionConfigurationPlatforms) = preSolution
		Debug|Any CPU = Debug|Any CPU
		Release|Any CPU = Release|Any CPU
	EndGlobalSection
	GlobalSection(SolutionProperties) = preSolution
		HideSolutionNode = FALSE
	EndGlobalSection
	GlobalSection(ProjectConfigurationPlatforms) = postSolution
		{B413E39D-8DB5-48B8-A23A-E13BAAFF5663}.Debug|Any CPU.ActiveCfg = Debug|Any CPU
		{B413E39D-8DB5-48B8-A23A-E13BAAFF5663}.Debug|Any CPU.Build.0 = Debug|Any CPU
		{B413E39D-8DB5-48B8-A23A-E13BAAFF5663}.Release|Any CPU.ActiveCfg = Release|Any CPU
		{B413E39D-8DB5-48B8-A23A-E13BAAFF5663}.Release|Any CPU.Build.0 = Release|Any CPU
		{DB675187-0044-427B-AEBC-F0ADBA72B820}.Debug|Any CPU.ActiveCfg = Debug|Any CPU
		{DB675187-0044-427B-AEBC-F0ADBA72B820}.Debug|Any CPU.Build.0 = Debug|Any CPU
		{DB675187-0044-427B-AEBC-F0ADBA72B820}.Release|Any CPU.ActiveCfg = Release|Any CPU
		{DB675187-0044-427B-AEBC-F0ADBA72B820}.Release|Any CPU.Build.0 = Release|Any CPU
		{2C4DF426-B6EC-4DC7-A0B0-2C8BE5C77D75}.Debug|Any CPU.ActiveCfg = Debug|Any CPU
		{2C4DF426-B6EC-4DC7-A0B0-2C8BE5C77D75}.Debug|Any CPU.Build.0 = Debug|Any CPU
		{2C4DF426-B6EC-4DC7-A0B0-2C8BE5C77D75}.Release|Any CPU.ActiveCfg = Release|Any CPU
		{2C4DF426-B6EC-4DC7-A0B0-2C8BE5C77D75}.Release|Any CPU.Build.0 = Release|Any CPU
	EndGlobalSection
	GlobalSection(NestedProjects) = preSolution
		{49ADBDFE-C3F7-41B0-9846-A28AF0F0182E} = {EDFE78C4-FE28-42F0-AB55-29FD11728040}
		{B413E39D-8DB5-48B8-A23A-E13BAAFF5663} = {49ADBDFE-C3F7-41B0-9846-A28AF0F0182E}
		{DB675187-0044-427B-AEBC-F0ADBA72B820} = {49ADBDFE-C3F7-41B0-9846-A28AF0F0182E}
	EndGlobalSection
EndGlobal
